
Microsoft Visual Studio Solution File, Format Version 12.00
# Visual Studio Version 17
VisualStudioVersion = 17.1.32407.343
MinimumVisualStudioVersion = 10.0.40219.1
Project("{FAE04EC0-301F-11D3-BF4B-00C04F79EFBC}") = "ClienteTaller1", "ClienteTaller1.csproj", "{9CBFF15B-AC19-4440-8861-A99E155551E2}"
EndProject
Global
	GlobalSection(SolutionConfigurationPlatforms) = preSolution
		Debug|Any CPU = Debug|Any CPU
		Release|Any CPU = Release|Any CPU
	EndGlobalSection
	GlobalSection(ProjectConfigurationPlatforms) = postSolution
		{9CBFF15B-AC19-4440-8861-A99E155551E2}.Debug|Any CPU.ActiveCfg = Debug|Any CPU
		{9CBFF15B-AC19-4440-8861-A99E155551E2}.Debug|Any CPU.Build.0 = Debug|Any CPU
		{9CBFF15B-AC19-4440-8861-A99E155551E2}.Release|Any CPU.ActiveCfg = Release|Any CPU
		{9CBFF15B-AC19-4440-8861-A99E155551E2}.Release|Any CPU.Build.0 = Release|Any CPU
	EndGlobalSection
	GlobalSection(SolutionProperties) = preSolution
		HideSolutionNode = FALSE
	EndGlobalSection
	GlobalSection(ExtensibilityGlobals) = postSolution
		SolutionGuid = {AECF9C67-3074-4E80-9B15-4BC4B08AB21E}
	EndGlobalSection
EndGlobal
